
Microsoft Visual Studio Solution File, Format Version 12.00
# Visual Studio Version 17
VisualStudioVersion = 17.4.33122.133
MinimumVisualStudioVersion = 10.0.40219.1
Project("{FAE04EC0-301F-11D3-BF4B-00C04F79EFBC}") = "LAB3Test", "LAB3Test\LAB3Test.csproj", "{D47788F7-6639-49F1-82F2-9137D6AAE0E8}"
EndProject
Global
	GlobalSection(SolutionConfigurationPlatforms) = preSolution
		Debug|Any CPU = Debug|Any CPU
		Release|Any CPU = Release|Any CPU
	EndGlobalSection
	GlobalSection(ProjectConfigurationPlatforms) = postSolution
		{D47788F7-6639-49F1-82F2-9137D6AAE0E8}.Debug|Any CPU.ActiveCfg = Debug|Any CPU
		{D47788F7-6639-49F1-82F2-9137D6AAE0E8}.Debug|Any CPU.Build.0 = Debug|Any CPU
		{D47788F7-6639-49F1-82F2-9137D6AAE0E8}.Release|Any CPU.ActiveCfg = Release|Any CPU
		{D47788F7-6639-49F1-82F2-9137D6AAE0E8}.Release|Any CPU.Build.0 = Release|Any CPU
	EndGlobalSection
	GlobalSection(SolutionProperties) = preSolution
		HideSolutionNode = FALSE
	EndGlobalSection
	GlobalSection(ExtensibilityGlobals) = postSolution
		SolutionGuid = {50259075-17CE-43F8-A70F-156027BEA471}
	EndGlobalSection
EndGlobal
